
Microsoft Visual Studio Solution File, Format Version 12.00
# Visual Studio Version 17
VisualStudioVersion = 17.0.31903.59
MinimumVisualStudioVersion = 10.0.40219.1
Project("{2150E333-8FDC-42A3-9474-1A3956D46DE8}") = "src", "src", "{827E0CD3-B72D-47B6-A68D-7590B98EB39B}"
EndProject
Project("{2150E333-8FDC-42A3-9474-1A3956D46DE8}") = "Modules", "Modules", "{EC447DCF-ABFA-6E24-52A5-D7FD48A5C558}"
EndProject
Project("{2150E333-8FDC-42A3-9474-1A3956D46DE8}") = "ParishManagement", "ParishManagement", "{94BC5956-1CD6-5E11-288B-3C604CE6F5C5}"
EndProject
Project("{FAE04EC0-301F-11D3-BF4B-00C04F79EFBC}") = "Modules.ParishManagement.Application", "src\Modules\ParishManagement\Modules.ParishManagement.Application\Modules.ParishManagement.Application.csproj", "{CDD74584-3302-417A-8F55-6E7122DF18B5}"
EndProject
Project("{FAE04EC0-301F-11D3-BF4B-00C04F79EFBC}") = "Modules.ParishManagement.Domain", "src\Modules\ParishManagement\Modules.ParishManagement.Domain\Modules.ParishManagement.Domain.csproj", "{D261B12D-394D-4F14-AEAF-51BEB5182BFE}"
EndProject
Project("{FAE04EC0-301F-11D3-BF4B-00C04F79EFBC}") = "Modules.ParishManagement.Infrastructure", "src\Modules\ParishManagement\Modules.ParishManagement.Infrastructure\Modules.ParishManagement.Infrastructure.csproj", "{0B036F48-E1CA-41FE-8934-9CB7A5B6770B}"
EndProject
Project("{FAE04EC0-301F-11D3-BF4B-00C04F79EFBC}") = "Modules.ParishManagement.IntegrationEvents", "src\Modules\ParishManagement\Modules.ParishManagement.IntegrationEvents\Modules.ParishManagement.IntegrationEvents.csproj", "{D573E668-4174-4A81-9049-5DF8D062C1B9}"
EndProject
Project("{FAE04EC0-301F-11D3-BF4B-00C04F79EFBC}") = "Modules.ParishManagement.Persistence", "src\Modules\ParishManagement\Modules.ParishManagement.Persistence\Modules.ParishManagement.Persistence.csproj", "{7FEC29D1-A5E5-479F-BD85-B908DE123D1C}"
EndProject
Project("{2150E333-8FDC-42A3-9474-1A3956D46DE8}") = "IdentityProvider", "IdentityProvider", "{150907A1-2089-8330-BC54-A4B7E199401F}"
EndProject
Project("{FAE04EC0-301F-11D3-BF4B-00C04F79EFBC}") = "Modules.IdentityProvider.Application", "src\Modules\IdentityProvider\Modules.IdentityProvider.Application\Modules.IdentityProvider.Application.csproj", "{EA38F876-6EF6-4B2D-B390-A99A96DD01F3}"
EndProject
Project("{FAE04EC0-301F-11D3-BF4B-00C04F79EFBC}") = "Modules.IdentityProvider.Domain", "src\Modules\IdentityProvider\Modules.IdentityProvider.Domain\Modules.IdentityProvider.Domain.csproj", "{7F177F86-4BFA-4793-8932-74587B2825DE}"
EndProject
Project("{FAE04EC0-301F-11D3-BF4B-00C04F79EFBC}") = "Modules.IdentityProvider.Infrastructure", "src\Modules\IdentityProvider\Modules.IdentityProvider.Infrastructure\Modules.IdentityProvider.Infrastructure.csproj", "{BDE5DA43-A905-4B4C-BFB6-A1E84CDC3CAF}"
EndProject
Project("{FAE04EC0-301F-11D3-BF4B-00C04F79EFBC}") = "Modules.IdentityProvider.Endpoints", "src\Modules\IdentityProvider\Modules.IdentityProvider.Endpoints\Modules.IdentityProvider.Endpoints.csproj", "{F3CEA715-C555-4D2C-9FA0-D02DF88776EF}"
EndProject
Project("{FAE04EC0-301F-11D3-BF4B-00C04F79EFBC}") = "Modules.IdentityProvider.IntegrationEvents", "src\Modules\IdentityProvider\Modules.IdentityProvider.IntegrationEvents\Modules.IdentityProvider.IntegrationEvents.csproj", "{A2107132-9AF9-480B-84EA-59C0519DFC37}"
EndProject
Project("{FAE04EC0-301F-11D3-BF4B-00C04F79EFBC}") = "Modules.IdentityProvider.Persistence", "src\Modules\IdentityProvider\Modules.IdentityProvider.Persistence\Modules.IdentityProvider.Persistence.csproj", "{A6FA9287-6B8A-4C98-A416-CFCF118740B6}"
EndProject
Project("{2150E333-8FDC-42A3-9474-1A3956D46DE8}") = "API", "API", "{81034408-37C8-1011-444E-4C15C2FADA8E}"
EndProject
Project("{FAE04EC0-301F-11D3-BF4B-00C04F79EFBC}") = "ParoquiaSLG.API", "src\API\ParoquiaSLG.API\ParoquiaSLG.API.csproj", "{F528F090-B99C-4FC1-9DE5-8D33009646C6}"
EndProject
Project("{2150E333-8FDC-42A3-9474-1A3956D46DE8}") = "BuildingBlocks", "BuildingBlocks", "{90298CBA-BD6F-3A0A-69D5-97CAD7B05E7E}"
EndProject
Project("{FAE04EC0-301F-11D3-BF4B-00C04F79EFBC}") = "BuildingBlocks", "src\BuildingBlocks\BuildingBlocks\BuildingBlocks.csproj", "{D6FEF877-8419-4C55-BAB5-29FA12DE9098}"
EndProject
Project("{2150E333-8FDC-42A3-9474-1A3956D46DE8}") = "Notification", "Notification", "{4F8133DB-A301-0A1E-3DDE-929E67CC9B96}"
EndProject
Project("{FAE04EC0-301F-11D3-BF4B-00C04F79EFBC}") = "Modules.Notification.Application", "src\Modules\Notification\Modules.Notification.Application\Modules.Notification.Application.csproj", "{C2BE0695-326F-418F-94C9-F5ED375B9704}"
EndProject
Project("{FAE04EC0-301F-11D3-BF4B-00C04F79EFBC}") = "Modules.Notification.Infrastructure", "src\Modules\Notification\Modules.Notification.Infrastructure\Modules.Notification.Infrastructure.csproj", "{6D0E8121-5A1D-4646-9904-867A32078C09}"
EndProject
Global
	GlobalSection(SolutionConfigurationPlatforms) = preSolution
		Debug|Any CPU = Debug|Any CPU
		Debug|x64 = Debug|x64
		Debug|x86 = Debug|x86
		Release|Any CPU = Release|Any CPU
		Release|x64 = Release|x64
		Release|x86 = Release|x86
	EndGlobalSection
	GlobalSection(ProjectConfigurationPlatforms) = postSolution
		{CDD74584-3302-417A-8F55-6E7122DF18B5}.Debug|Any CPU.ActiveCfg = Debug|Any CPU
		{CDD74584-3302-417A-8F55-6E7122DF18B5}.Debug|Any CPU.Build.0 = Debug|Any CPU
		{CDD74584-3302-417A-8F55-6E7122DF18B5}.Debug|x64.ActiveCfg = Debug|Any CPU
		{CDD74584-3302-417A-8F55-6E7122DF18B5}.Debug|x64.Build.0 = Debug|Any CPU
		{CDD74584-3302-417A-8F55-6E7122DF18B5}.Debug|x86.ActiveCfg = Debug|Any CPU
		{CDD74584-3302-417A-8F55-6E7122DF18B5}.Debug|x86.Build.0 = Debug|Any CPU
		{CDD74584-3302-417A-8F55-6E7122DF18B5}.Release|Any CPU.ActiveCfg = Release|Any CPU
		{CDD74584-3302-417A-8F55-6E7122DF18B5}.Release|Any CPU.Build.0 = Release|Any CPU
		{CDD74584-3302-417A-8F55-6E7122DF18B5}.Release|x64.ActiveCfg = Release|Any CPU
		{CDD74584-3302-417A-8F55-6E7122DF18B5}.Release|x64.Build.0 = Release|Any CPU
		{CDD74584-3302-417A-8F55-6E7122DF18B5}.Release|x86.ActiveCfg = Release|Any CPU
		{CDD74584-3302-417A-8F55-6E7122DF18B5}.Release|x86.Build.0 = Release|Any CPU
		{D261B12D-394D-4F14-AEAF-51BEB5182BFE}.Debug|Any CPU.ActiveCfg = Debug|Any CPU
		{D261B12D-394D-4F14-AEAF-51BEB5182BFE}.Debug|Any CPU.Build.0 = Debug|Any CPU
		{D261B12D-394D-4F14-AEAF-51BEB5182BFE}.Debug|x64.ActiveCfg = Debug|Any CPU
		{D261B12D-394D-4F14-AEAF-51BEB5182BFE}.Debug|x64.Build.0 = Debug|Any CPU
		{D261B12D-394D-4F14-AEAF-51BEB5182BFE}.Debug|x86.ActiveCfg = Debug|Any CPU
		{D261B12D-394D-4F14-AEAF-51BEB5182BFE}.Debug|x86.Build.0 = Debug|Any CPU
		{D261B12D-394D-4F14-AEAF-51BEB5182BFE}.Release|Any CPU.ActiveCfg = Release|Any CPU
		{D261B12D-394D-4F14-AEAF-51BEB5182BFE}.Release|Any CPU.Build.0 = Release|Any CPU
		{D261B12D-394D-4F14-AEAF-51BEB5182BFE}.Release|x64.ActiveCfg = Release|Any CPU
		{D261B12D-394D-4F14-AEAF-51BEB5182BFE}.Release|x64.Build.0 = Release|Any CPU
		{D261B12D-394D-4F14-AEAF-51BEB5182BFE}.Release|x86.ActiveCfg = Release|Any CPU
		{D261B12D-394D-4F14-AEAF-51BEB5182BFE}.Release|x86.Build.0 = Release|Any CPU
		{0B036F48-E1CA-41FE-8934-9CB7A5B6770B}.Debug|Any CPU.ActiveCfg = Debug|Any CPU
		{0B036F48-E1CA-41FE-8934-9CB7A5B6770B}.Debug|Any CPU.Build.0 = Debug|Any CPU
		{0B036F48-E1CA-41FE-8934-9CB7A5B6770B}.Debug|x64.ActiveCfg = Debug|Any CPU
		{0B036F48-E1CA-41FE-8934-9CB7A5B6770B}.Debug|x64.Build.0 = Debug|Any CPU
		{0B036F48-E1CA-41FE-8934-9CB7A5B6770B}.Debug|x86.ActiveCfg = Debug|Any CPU
		{0B036F48-E1CA-41FE-8934-9CB7A5B6770B}.Debug|x86.Build.0 = Debug|Any CPU
		{0B036F48-E1CA-41FE-8934-9CB7A5B6770B}.Release|Any CPU.ActiveCfg = Release|Any CPU
		{0B036F48-E1CA-41FE-8934-9CB7A5B6770B}.Release|Any CPU.Build.0 = Release|Any CPU
		{0B036F48-E1CA-41FE-8934-9CB7A5B6770B}.Release|x64.ActiveCfg = Release|Any CPU
		{0B036F48-E1CA-41FE-8934-9CB7A5B6770B}.Release|x64.Build.0 = Release|Any CPU
		{0B036F48-E1CA-41FE-8934-9CB7A5B6770B}.Release|x86.ActiveCfg = Release|Any CPU
		{0B036F48-E1CA-41FE-8934-9CB7A5B6770B}.Release|x86.Build.0 = Release|Any CPU
		{D573E668-4174-4A81-9049-5DF8D062C1B9}.Debug|Any CPU.ActiveCfg = Debug|Any CPU
		{D573E668-4174-4A81-9049-5DF8D062C1B9}.Debug|Any CPU.Build.0 = Debug|Any CPU
		{D573E668-4174-4A81-9049-5DF8D062C1B9}.Debug|x64.ActiveCfg = Debug|Any CPU
		{D573E668-4174-4A81-9049-5DF8D062C1B9}.Debug|x64.Build.0 = Debug|Any CPU
		{D573E668-4174-4A81-9049-5DF8D062C1B9}.Debug|x86.ActiveCfg = Debug|Any CPU
		{D573E668-4174-4A81-9049-5DF8D062C1B9}.Debug|x86.Build.0 = Debug|Any CPU
		{D573E668-4174-4A81-9049-5DF8D062C1B9}.Release|Any CPU.ActiveCfg = Release|Any CPU
		{D573E668-4174-4A81-9049-5DF8D062C1B9}.Release|Any CPU.Build.0 = Release|Any CPU
		{D573E668-4174-4A81-9049-5DF8D062C1B9}.Release|x64.ActiveCfg = Release|Any CPU
		{D573E668-4174-4A81-9049-5DF8D062C1B9}.Release|x64.Build.0 = Release|Any CPU
		{D573E668-4174-4A81-9049-5DF8D062C1B9}.Release|x86.ActiveCfg = Release|Any CPU
		{D573E668-4174-4A81-9049-5DF8D062C1B9}.Release|x86.Build.0 = Release|Any CPU
		{7FEC29D1-A5E5-479F-BD85-B908DE123D1C}.Debug|Any CPU.ActiveCfg = Debug|Any CPU
		{7FEC29D1-A5E5-479F-BD85-B908DE123D1C}.Debug|Any CPU.Build.0 = Debug|Any CPU
		{7FEC29D1-A5E5-479F-BD85-B908DE123D1C}.Debug|x64.ActiveCfg = Debug|Any CPU
		{7FEC29D1-A5E5-479F-BD85-B908DE123D1C}.Debug|x64.Build.0 = Debug|Any CPU
		{7FEC29D1-A5E5-479F-BD85-B908DE123D1C}.Debug|x86.ActiveCfg = Debug|Any CPU
		{7FEC29D1-A5E5-479F-BD85-B908DE123D1C}.Debug|x86.Build.0 = Debug|Any CPU
		{7FEC29D1-A5E5-479F-BD85-B908DE123D1C}.Release|Any CPU.ActiveCfg = Release|Any CPU
		{7FEC29D1-A5E5-479F-BD85-B908DE123D1C}.Release|Any CPU.Build.0 = Release|Any CPU
		{7FEC29D1-A5E5-479F-BD85-B908DE123D1C}.Release|x64.ActiveCfg = Release|Any CPU
		{7FEC29D1-A5E5-479F-BD85-B908DE123D1C}.Release|x64.Build.0 = Release|Any CPU
		{7FEC29D1-A5E5-479F-BD85-B908DE123D1C}.Release|x86.ActiveCfg = Release|Any CPU
		{7FEC29D1-A5E5-479F-BD85-B908DE123D1C}.Release|x86.Build.0 = Release|Any CPU
		{EA38F876-6EF6-4B2D-B390-A99A96DD01F3}.Debug|Any CPU.ActiveCfg = Debug|Any CPU
		{EA38F876-6EF6-4B2D-B390-A99A96DD01F3}.Debug|Any CPU.Build.0 = Debug|Any CPU
		{EA38F876-6EF6-4B2D-B390-A99A96DD01F3}.Debug|x64.ActiveCfg = Debug|Any CPU
		{EA38F876-6EF6-4B2D-B390-A99A96DD01F3}.Debug|x64.Build.0 = Debug|Any CPU
		{EA38F876-6EF6-4B2D-B390-A99A96DD01F3}.Debug|x86.ActiveCfg = Debug|Any CPU
		{EA38F876-6EF6-4B2D-B390-A99A96DD01F3}.Debug|x86.Build.0 = Debug|Any CPU
		{EA38F876-6EF6-4B2D-B390-A99A96DD01F3}.Release|Any CPU.ActiveCfg = Release|Any CPU
		{EA38F876-6EF6-4B2D-B390-A99A96DD01F3}.Release|Any CPU.Build.0 = Release|Any CPU
		{EA38F876-6EF6-4B2D-B390-A99A96DD01F3}.Release|x64.ActiveCfg = Release|Any CPU
		{EA38F876-6EF6-4B2D-B390-A99A96DD01F3}.Release|x64.Build.0 = Release|Any CPU
		{EA38F876-6EF6-4B2D-B390-A99A96DD01F3}.Release|x86.ActiveCfg = Release|Any CPU
		{EA38F876-6EF6-4B2D-B390-A99A96DD01F3}.Release|x86.Build.0 = Release|Any CPU
		{7F177F86-4BFA-4793-8932-74587B2825DE}.Debug|Any CPU.ActiveCfg = Debug|Any CPU
		{7F177F86-4BFA-4793-8932-74587B2825DE}.Debug|Any CPU.Build.0 = Debug|Any CPU
		{7F177F86-4BFA-4793-8932-74587B2825DE}.Debug|x64.ActiveCfg = Debug|Any CPU
		{7F177F86-4BFA-4793-8932-74587B2825DE}.Debug|x64.Build.0 = Debug|Any CPU
		{7F177F86-4BFA-4793-8932-74587B2825DE}.Debug|x86.ActiveCfg = Debug|Any CPU
		{7F177F86-4BFA-4793-8932-74587B2825DE}.Debug|x86.Build.0 = Debug|Any CPU
		{7F177F86-4BFA-4793-8932-74587B2825DE}.Release|Any CPU.ActiveCfg = Release|Any CPU
		{7F177F86-4BFA-4793-8932-74587B2825DE}.Release|Any CPU.Build.0 = Release|Any CPU
		{7F177F86-4BFA-4793-8932-74587B2825DE}.Release|x64.ActiveCfg = Release|Any CPU
		{7F177F86-4BFA-4793-8932-74587B2825DE}.Release|x64.Build.0 = Release|Any CPU
		{7F177F86-4BFA-4793-8932-74587B2825DE}.Release|x86.ActiveCfg = Release|Any CPU
		{7F177F86-4BFA-4793-8932-74587B2825DE}.Release|x86.Build.0 = Release|Any CPU
		{BDE5DA43-A905-4B4C-BFB6-A1E84CDC3CAF}.Debug|Any CPU.ActiveCfg = Debug|Any CPU
		{BDE5DA43-A905-4B4C-BFB6-A1E84CDC3CAF}.Debug|Any CPU.Build.0 = Debug|Any CPU
		{BDE5DA43-A905-4B4C-BFB6-A1E84CDC3CAF}.Debug|x64.ActiveCfg = Debug|Any CPU
		{BDE5DA43-A905-4B4C-BFB6-A1E84CDC3CAF}.Debug|x64.Build.0 = Debug|Any CPU
		{BDE5DA43-A905-4B4C-BFB6-A1E84CDC3CAF}.Debug|x86.ActiveCfg = Debug|Any CPU
		{BDE5DA43-A905-4B4C-BFB6-A1E84CDC3CAF}.Debug|x86.Build.0 = Debug|Any CPU
		{BDE5DA43-A905-4B4C-BFB6-A1E84CDC3CAF}.Release|Any CPU.ActiveCfg = Release|Any CPU
		{BDE5DA43-A905-4B4C-BFB6-A1E84CDC3CAF}.Release|Any CPU.Build.0 = Release|Any CPU
		{BDE5DA43-A905-4B4C-BFB6-A1E84CDC3CAF}.Release|x64.ActiveCfg = Release|Any CPU
		{BDE5DA43-A905-4B4C-BFB6-A1E84CDC3CAF}.Release|x64.Build.0 = Release|Any CPU
		{BDE5DA43-A905-4B4C-BFB6-A1E84CDC3CAF}.Release|x86.ActiveCfg = Release|Any CPU
		{BDE5DA43-A905-4B4C-BFB6-A1E84CDC3CAF}.Release|x86.Build.0 = Release|Any CPU
		{F3CEA715-C555-4D2C-9FA0-D02DF88776EF}.Debug|Any CPU.ActiveCfg = Debug|Any CPU
		{F3CEA715-C555-4D2C-9FA0-D02DF88776EF}.Debug|Any CPU.Build.0 = Debug|Any CPU
		{F3CEA715-C555-4D2C-9FA0-D02DF88776EF}.Debug|x64.ActiveCfg = Debug|Any CPU
		{F3CEA715-C555-4D2C-9FA0-D02DF88776EF}.Debug|x64.Build.0 = Debug|Any CPU
		{F3CEA715-C555-4D2C-9FA0-D02DF88776EF}.Debug|x86.ActiveCfg = Debug|Any CPU
		{F3CEA715-C555-4D2C-9FA0-D02DF88776EF}.Debug|x86.Build.0 = Debug|Any CPU
		{F3CEA715-C555-4D2C-9FA0-D02DF88776EF}.Release|Any CPU.ActiveCfg = Release|Any CPU
		{F3CEA715-C555-4D2C-9FA0-D02DF88776EF}.Release|Any CPU.Build.0 = Release|Any CPU
		{F3CEA715-C555-4D2C-9FA0-D02DF88776EF}.Release|x64.ActiveCfg = Release|Any CPU
		{F3CEA715-C555-4D2C-9FA0-D02DF88776EF}.Release|x64.Build.0 = Release|Any CPU
		{F3CEA715-C555-4D2C-9FA0-D02DF88776EF}.Release|x86.ActiveCfg = Release|Any CPU
		{F3CEA715-C555-4D2C-9FA0-D02DF88776EF}.Release|x86.Build.0 = Release|Any CPU
		{A2107132-9AF9-480B-84EA-59C0519DFC37}.Debug|Any CPU.ActiveCfg = Debug|Any CPU
		{A2107132-9AF9-480B-84EA-59C0519DFC37}.Debug|Any CPU.Build.0 = Debug|Any CPU
		{A2107132-9AF9-480B-84EA-59C0519DFC37}.Debug|x64.ActiveCfg = Debug|Any CPU
		{A2107132-9AF9-480B-84EA-59C0519DFC37}.Debug|x64.Build.0 = Debug|Any CPU
		{A2107132-9AF9-480B-84EA-59C0519DFC37}.Debug|x86.ActiveCfg = Debug|Any CPU
		{A2107132-9AF9-480B-84EA-59C0519DFC37}.Debug|x86.Build.0 = Debug|Any CPU
		{A2107132-9AF9-480B-84EA-59C0519DFC37}.Release|Any CPU.ActiveCfg = Release|Any CPU
		{A2107132-9AF9-480B-84EA-59C0519DFC37}.Release|Any CPU.Build.0 = Release|Any CPU
		{A2107132-9AF9-480B-84EA-59C0519DFC37}.Release|x64.ActiveCfg = Release|Any CPU
		{A2107132-9AF9-480B-84EA-59C0519DFC37}.Release|x64.Build.0 = Release|Any CPU
		{A2107132-9AF9-480B-84EA-59C0519DFC37}.Release|x86.ActiveCfg = Release|Any CPU
		{A2107132-9AF9-480B-84EA-59C0519DFC37}.Release|x86.Build.0 = Release|Any CPU
		{A6FA9287-6B8A-4C98-A416-CFCF118740B6}.Debug|Any CPU.ActiveCfg = Debug|Any CPU
		{A6FA9287-6B8A-4C98-A416-CFCF118740B6}.Debug|Any CPU.Build.0 = Debug|Any CPU
		{A6FA9287-6B8A-4C98-A416-CFCF118740B6}.Debug|x64.ActiveCfg = Debug|Any CPU
		{A6FA9287-6B8A-4C98-A416-CFCF118740B6}.Debug|x64.Build.0 = Debug|Any CPU
		{A6FA9287-6B8A-4C98-A416-CFCF118740B6}.Debug|x86.ActiveCfg = Debug|Any CPU
		{A6FA9287-6B8A-4C98-A416-CFCF118740B6}.Debug|x86.Build.0 = Debug|Any CPU
		{A6FA9287-6B8A-4C98-A416-CFCF118740B6}.Release|Any CPU.ActiveCfg = Release|Any CPU
		{A6FA9287-6B8A-4C98-A416-CFCF118740B6}.Release|Any CPU.Build.0 = Release|Any CPU
		{A6FA9287-6B8A-4C98-A416-CFCF118740B6}.Release|x64.ActiveCfg = Release|Any CPU
		{A6FA9287-6B8A-4C98-A416-CFCF118740B6}.Release|x64.Build.0 = Release|Any CPU
		{A6FA9287-6B8A-4C98-A416-CFCF118740B6}.Release|x86.ActiveCfg = Release|Any CPU
		{A6FA9287-6B8A-4C98-A416-CFCF118740B6}.Release|x86.Build.0 = Release|Any CPU
		{F528F090-B99C-4FC1-9DE5-8D33009646C6}.Debug|Any CPU.ActiveCfg = Debug|Any CPU
		{F528F090-B99C-4FC1-9DE5-8D33009646C6}.Debug|Any CPU.Build.0 = Debug|Any CPU
		{F528F090-B99C-4FC1-9DE5-8D33009646C6}.Debug|x64.ActiveCfg = Debug|Any CPU
		{F528F090-B99C-4FC1-9DE5-8D33009646C6}.Debug|x64.Build.0 = Debug|Any CPU
		{F528F090-B99C-4FC1-9DE5-8D33009646C6}.Debug|x86.ActiveCfg = Debug|Any CPU
		{F528F090-B99C-4FC1-9DE5-8D33009646C6}.Debug|x86.Build.0 = Debug|Any CPU
		{F528F090-B99C-4FC1-9DE5-8D33009646C6}.Release|Any CPU.ActiveCfg = Release|Any CPU
		{F528F090-B99C-4FC1-9DE5-8D33009646C6}.Release|Any CPU.Build.0 = Release|Any CPU
		{F528F090-B99C-4FC1-9DE5-8D33009646C6}.Release|x64.ActiveCfg = Release|Any CPU
		{F528F090-B99C-4FC1-9DE5-8D33009646C6}.Release|x64.Build.0 = Release|Any CPU
		{F528F090-B99C-4FC1-9DE5-8D33009646C6}.Release|x86.ActiveCfg = Release|Any CPU
		{F528F090-B99C-4FC1-9DE5-8D33009646C6}.Release|x86.Build.0 = Release|Any CPU
		{D6FEF877-8419-4C55-BAB5-29FA12DE9098}.Debug|Any CPU.ActiveCfg = Debug|Any CPU
		{D6FEF877-8419-4C55-BAB5-29FA12DE9098}.Debug|Any CPU.Build.0 = Debug|Any CPU
		{D6FEF877-8419-4C55-BAB5-29FA12DE9098}.Debug|x64.ActiveCfg = Debug|Any CPU
		{D6FEF877-8419-4C55-BAB5-29FA12DE9098}.Debug|x64.Build.0 = Debug|Any CPU
		{D6FEF877-8419-4C55-BAB5-29FA12DE9098}.Debug|x86.ActiveCfg = Debug|Any CPU
		{D6FEF877-8419-4C55-BAB5-29FA12DE9098}.Debug|x86.Build.0 = Debug|Any CPU
		{D6FEF877-8419-4C55-BAB5-29FA12DE9098}.Release|Any CPU.ActiveCfg = Release|Any CPU
		{D6FEF877-8419-4C55-BAB5-29FA12DE9098}.Release|Any CPU.Build.0 = Release|Any CPU
		{D6FEF877-8419-4C55-BAB5-29FA12DE9098}.Release|x64.ActiveCfg = Release|Any CPU
		{D6FEF877-8419-4C55-BAB5-29FA12DE9098}.Release|x64.Build.0 = Release|Any CPU
		{D6FEF877-8419-4C55-BAB5-29FA12DE9098}.Release|x86.ActiveCfg = Release|Any CPU
		{D6FEF877-8419-4C55-BAB5-29FA12DE9098}.Release|x86.Build.0 = Release|Any CPU
		{C2BE0695-326F-418F-94C9-F5ED375B9704}.Debug|Any CPU.ActiveCfg = Debug|Any CPU
		{C2BE0695-326F-418F-94C9-F5ED375B9704}.Debug|Any CPU.Build.0 = Debug|Any CPU
		{C2BE0695-326F-418F-94C9-F5ED375B9704}.Debug|x64.ActiveCfg = Debug|Any CPU
		{C2BE0695-326F-418F-94C9-F5ED375B9704}.Debug|x64.Build.0 = Debug|Any CPU
		{C2BE0695-326F-418F-94C9-F5ED375B9704}.Debug|x86.ActiveCfg = Debug|Any CPU
		{C2BE0695-326F-418F-94C9-F5ED375B9704}.Debug|x86.Build.0 = Debug|Any CPU
		{C2BE0695-326F-418F-94C9-F5ED375B9704}.Release|Any CPU.ActiveCfg = Release|Any CPU
		{C2BE0695-326F-418F-94C9-F5ED375B9704}.Release|Any CPU.Build.0 = Release|Any CPU
		{C2BE0695-326F-418F-94C9-F5ED375B9704}.Release|x64.ActiveCfg = Release|Any CPU
		{C2BE0695-326F-418F-94C9-F5ED375B9704}.Release|x64.Build.0 = Release|Any CPU
		{C2BE0695-326F-418F-94C9-F5ED375B9704}.Release|x86.ActiveCfg = Release|Any CPU
		{C2BE0695-326F-418F-94C9-F5ED375B9704}.Release|x86.Build.0 = Release|Any CPU
		{6D0E8121-5A1D-4646-9904-867A32078C09}.Debug|Any CPU.ActiveCfg = Debug|Any CPU
		{6D0E8121-5A1D-4646-9904-867A32078C09}.Debug|Any CPU.Build.0 = Debug|Any CPU
		{6D0E8121-5A1D-4646-9904-867A32078C09}.Debug|x64.ActiveCfg = Debug|Any CPU
		{6D0E8121-5A1D-4646-9904-867A32078C09}.Debug|x64.Build.0 = Debug|Any CPU
		{6D0E8121-5A1D-4646-9904-867A32078C09}.Debug|x86.ActiveCfg = Debug|Any CPU
		{6D0E8121-5A1D-4646-9904-867A32078C09}.Debug|x86.Build.0 = Debug|Any CPU
		{6D0E8121-5A1D-4646-9904-867A32078C09}.Release|Any CPU.ActiveCfg = Release|Any CPU
		{6D0E8121-5A1D-4646-9904-867A32078C09}.Release|Any CPU.Build.0 = Release|Any CPU
		{6D0E8121-5A1D-4646-9904-867A32078C09}.Release|x64.ActiveCfg = Release|Any CPU
		{6D0E8121-5A1D-4646-9904-867A32078C09}.Release|x64.Build.0 = Release|Any CPU
		{6D0E8121-5A1D-4646-9904-867A32078C09}.Release|x86.ActiveCfg = Release|Any CPU
		{6D0E8121-5A1D-4646-9904-867A32078C09}.Release|x86.Build.0 = Release|Any CPU
	EndGlobalSection
	GlobalSection(SolutionProperties) = preSolution
		HideSolutionNode = FALSE
	EndGlobalSection
	GlobalSection(NestedProjects) = preSolution
		{EC447DCF-ABFA-6E24-52A5-D7FD48A5C558} = {827E0CD3-B72D-47B6-A68D-7590B98EB39B}
		{94BC5956-1CD6-5E11-288B-3C604CE6F5C5} = {EC447DCF-ABFA-6E24-52A5-D7FD48A5C558}
		{CDD74584-3302-417A-8F55-6E7122DF18B5} = {94BC5956-1CD6-5E11-288B-3C604CE6F5C5}
		{D261B12D-394D-4F14-AEAF-51BEB5182BFE} = {94BC5956-1CD6-5E11-288B-3C604CE6F5C5}
		{0B036F48-E1CA-41FE-8934-9CB7A5B6770B} = {94BC5956-1CD6-5E11-288B-3C604CE6F5C5}
		{D573E668-4174-4A81-9049-5DF8D062C1B9} = {94BC5956-1CD6-5E11-288B-3C604CE6F5C5}
		{7FEC29D1-A5E5-479F-BD85-B908DE123D1C} = {94BC5956-1CD6-5E11-288B-3C604CE6F5C5}
		{150907A1-2089-8330-BC54-A4B7E199401F} = {EC447DCF-ABFA-6E24-52A5-D7FD48A5C558}
		{EA38F876-6EF6-4B2D-B390-A99A96DD01F3} = {150907A1-2089-8330-BC54-A4B7E199401F}
		{7F177F86-4BFA-4793-8932-74587B2825DE} = {150907A1-2089-8330-BC54-A4B7E199401F}
		{BDE5DA43-A905-4B4C-BFB6-A1E84CDC3CAF} = {150907A1-2089-8330-BC54-A4B7E199401F}
		{F3CEA715-C555-4D2C-9FA0-D02DF88776EF} = {150907A1-2089-8330-BC54-A4B7E199401F}
		{A2107132-9AF9-480B-84EA-59C0519DFC37} = {150907A1-2089-8330-BC54-A4B7E199401F}
		{A6FA9287-6B8A-4C98-A416-CFCF118740B6} = {150907A1-2089-8330-BC54-A4B7E199401F}
		{81034408-37C8-1011-444E-4C15C2FADA8E} = {827E0CD3-B72D-47B6-A68D-7590B98EB39B}
		{F528F090-B99C-4FC1-9DE5-8D33009646C6} = {81034408-37C8-1011-444E-4C15C2FADA8E}
		{90298CBA-BD6F-3A0A-69D5-97CAD7B05E7E} = {827E0CD3-B72D-47B6-A68D-7590B98EB39B}
		{D6FEF877-8419-4C55-BAB5-29FA12DE9098} = {90298CBA-BD6F-3A0A-69D5-97CAD7B05E7E}
		{4F8133DB-A301-0A1E-3DDE-929E67CC9B96} = {EC447DCF-ABFA-6E24-52A5-D7FD48A5C558}
		{C2BE0695-326F-418F-94C9-F5ED375B9704} = {4F8133DB-A301-0A1E-3DDE-929E67CC9B96}
		{6D0E8121-5A1D-4646-9904-867A32078C09} = {4F8133DB-A301-0A1E-3DDE-929E67CC9B96}
	EndGlobalSection
EndGlobal
